
Microsoft Visual Studio Solution File, Format Version 12.00
# Visual Studio Express 2013 for Web
VisualStudioVersion = 12.0.31010.0
MinimumVisualStudioVersion = 10.0.40219.1
Project("{FAE04EC0-301F-11D3-BF4B-00C04F79EFBC}") = "RefreshHiloAngularJS", "RefreshHiloAngularJS\RefreshHiloAngularJS.csproj", "{006C2E80-964B-4007-85FA-9CE9BFA313BA}"
EndProject
Project("{2150E333-8FDC-42A3-9474-1A3956D46DE8}") = "Solution Items", "Solution Items", "{9B15C122-BD85-4F30-AA38-84AC9FA2DFC4}"
	ProjectSection(SolutionItems) = preProject
		.gitignore = .gitignore
		bower.json = bower.json
		gruntfile.js = gruntfile.js
		package.json = package.json
	EndProjectSection
EndProject
Global
	GlobalSection(SolutionConfigurationPlatforms) = preSolution
		Debug|Any CPU = Debug|Any CPU
		Release|Any CPU = Release|Any CPU
	EndGlobalSection
	GlobalSection(ProjectConfigurationPlatforms) = postSolution
		{006C2E80-964B-4007-85FA-9CE9BFA313BA}.Debug|Any CPU.ActiveCfg = Debug|Any CPU
		{006C2E80-964B-4007-85FA-9CE9BFA313BA}.Debug|Any CPU.Build.0 = Debug|Any CPU
		{006C2E80-964B-4007-85FA-9CE9BFA313BA}.Release|Any CPU.ActiveCfg = Release|Any CPU
		{006C2E80-964B-4007-85FA-9CE9BFA313BA}.Release|Any CPU.Build.0 = Release|Any CPU
	EndGlobalSection
	GlobalSection(SolutionProperties) = preSolution
		HideSolutionNode = FALSE
	EndGlobalSection
EndGlobal
